
Microsoft Visual Studio Solution File, Format Version 12.00
# Visual Studio Version 16
VisualStudioVersion = 16.0.29806.167
MinimumVisualStudioVersion = 10.0.40219.1
Project("{2150E333-8FDC-42A3-9474-1A3956D46DE8}") = "Code", "Code", "{CD8A98D0-D5C0-473C-A405-F121F6D9311D}"
EndProject
Project("{2150E333-8FDC-42A3-9474-1A3956D46DE8}") = "Tests", "Tests", "{B9826DA7-5CE4-4925-9110-8CB1FEF06C0B}"
EndProject
Project("{888888A0-9F3D-457C-B088-3A5042F75D52}") = "PythonToGoogleApi", "Code\PythonToGoogleApi\PythonToGoogleApi.pyproj", "{4CACABC2-E72A-47B7-BE00-EF52F5C01B4B}"
EndProject
Global
	GlobalSection(SolutionConfigurationPlatforms) = preSolution
		Debug|Any CPU = Debug|Any CPU
		Release|Any CPU = Release|Any CPU
	EndGlobalSection
	GlobalSection(ProjectConfigurationPlatforms) = postSolution
		{4CACABC2-E72A-47B7-BE00-EF52F5C01B4B}.Debug|Any CPU.ActiveCfg = Debug|Any CPU
		{4CACABC2-E72A-47B7-BE00-EF52F5C01B4B}.Debug|Any CPU.Build.0 = Debug|Any CPU
		{4CACABC2-E72A-47B7-BE00-EF52F5C01B4B}.Release|Any CPU.ActiveCfg = Release|Any CPU
		{4CACABC2-E72A-47B7-BE00-EF52F5C01B4B}.Release|Any CPU.Build.0 = Release|Any CPU
	EndGlobalSection
	GlobalSection(SolutionProperties) = preSolution
		HideSolutionNode = FALSE
	EndGlobalSection
	GlobalSection(NestedProjects) = preSolution
		{4CACABC2-E72A-47B7-BE00-EF52F5C01B4B} = {CD8A98D0-D5C0-473C-A405-F121F6D9311D}
	EndGlobalSection
	GlobalSection(ExtensibilityGlobals) = postSolution
		SolutionGuid = {E1CDF72D-5B96-45B5-8FFA-EB5E8F9FD143}
	EndGlobalSection
EndGlobal
